
Microsoft Visual Studio Solution File, Format Version 12.00
# Visual Studio Version 17
VisualStudioVersion = 17.5.002.0
MinimumVisualStudioVersion = 10.0.40219.1
Project("{2150E333-8FDC-42A3-9474-1A3956D46DE8}") = "csharp-prep", "csharp-prep", "{AD716F9B-5A98-4842-8907-4BE8BFF343E4}"
EndProject
Project("{9A19103F-16F7-4668-BE54-9A1E7A4F7556}") = "Prep1", "csharp-prep\Prep1\Prep1.csproj", "{615F45AC-8AB9-4B5A-BB2A-020C2D9218FE}"
EndProject
Project("{9A19103F-16F7-4668-BE54-9A1E7A4F7556}") = "Prep2", "csharp-prep\Prep2\Prep2.csproj", "{F3C060FA-8C7A-4AA9-9864-C2F9A3556015}"
EndProject
Project("{9A19103F-16F7-4668-BE54-9A1E7A4F7556}") = "Prep3", "csharp-prep\Prep3\Prep3.csproj", "{F16DF278-37A5-46AC-8589-BE0550A56C37}"
EndProject
Project("{9A19103F-16F7-4668-BE54-9A1E7A4F7556}") = "Prep4", "csharp-prep\Prep4\Prep4.csproj", "{AAF2C980-7F96-4E4F-BC9D-E19AAB5EA5B6}"
EndProject
Project("{9A19103F-16F7-4668-BE54-9A1E7A4F7556}") = "Prep5", "csharp-prep\Prep5\Prep5.csproj", "{D6B65313-E8FE-4F37-B3C3-55520DDF1CDB}"
EndProject
Project("{2150E333-8FDC-42A3-9474-1A3956D46DE8}") = "final", "final", "{E1485274-0CA2-4213-A10B-20119AB290EB}"
EndProject
Project("{9A19103F-16F7-4668-BE54-9A1E7A4F7556}") = "FinalProject", "final\FinalProject\FinalProject.csproj", "{F80839C0-68B7-44E5-965E-77C4548F681D}"
EndProject
Project("{9A19103F-16F7-4668-BE54-9A1E7A4F7556}") = "Foundation1", "final\Foundation1\Foundation1.csproj", "{8459FA1F-E062-4F6D-A249-1AFB225D0A65}"
EndProject
Project("{9A19103F-16F7-4668-BE54-9A1E7A4F7556}") = "Foundation2", "final\Foundation2\Foundation2.csproj", "{9DF6BA8B-EA36-4230-97A2-9BA09D975848}"
EndProject
Project("{9A19103F-16F7-4668-BE54-9A1E7A4F7556}") = "Foundation3", "final\Foundation3\Foundation3.csproj", "{62ECF4A0-56AB-49D8-8E20-B17FFFE84505}"
EndProject
Project("{9A19103F-16F7-4668-BE54-9A1E7A4F7556}") = "Foundation4", "final\Foundation4\Foundation4.csproj", "{BA24B6CF-B346-4420-86D6-075C08ACD2DA}"
EndProject
Project("{2150E333-8FDC-42A3-9474-1A3956D46DE8}") = "prepare", "prepare", "{92E3472F-A3BC-4870-8191-F5E5668521F9}"
EndProject
Project("{9A19103F-16F7-4668-BE54-9A1E7A4F7556}") = "Learning02", "prepare\Learning02\Learning02.csproj", "{99809076-4832-4743-BBE3-96C082B5A82E}"
EndProject
Project("{9A19103F-16F7-4668-BE54-9A1E7A4F7556}") = "Learning03", "prepare\Learning03\Learning03.csproj", "{1A23E0C8-3770-4086-B43A-F9FB8CD97E9C}"
EndProject
Project("{9A19103F-16F7-4668-BE54-9A1E7A4F7556}") = "Learning04", "prepare\Learning04\Learning04.csproj", "{A079DF71-2F97-4264-AA8F-1544CE389BBC}"
EndProject
Project("{9A19103F-16F7-4668-BE54-9A1E7A4F7556}") = "Learning05", "prepare\Learning05\Learning05.csproj", "{298454EE-7648-4234-A414-1C457C34DC7E}"
EndProject
Project("{2150E333-8FDC-42A3-9474-1A3956D46DE8}") = "prove", "prove", "{685E6C86-C435-4CA0-B9E6-FF7DA4FE1679}"
EndProject
Project("{9A19103F-16F7-4668-BE54-9A1E7A4F7556}") = "Develop02", "prove\Develop02\Develop02.csproj", "{CA471BA3-89D1-4354-A2DA-5B946157148A}"
EndProject
Project("{9A19103F-16F7-4668-BE54-9A1E7A4F7556}") = "Develop03", "prove\Develop03\Develop03.csproj", "{AE7FEC84-9AFD-4E7D-854C-3053947895D5}"
EndProject
Project("{9A19103F-16F7-4668-BE54-9A1E7A4F7556}") = "Develop04", "prove\Develop04\Develop04.csproj", "{0C64BC89-41B8-40B3-9D5F-AB7E6FEB00C2}"
EndProject
Project("{9A19103F-16F7-4668-BE54-9A1E7A4F7556}") = "Develop05", "prove\Develop05\Develop05.csproj", "{ABBFBD8C-4979-41A9-A6CE-96C465CEC1F3}"
EndProject
Project("{2150E333-8FDC-42A3-9474-1A3956D46DE8}") = "sandbox", "sandbox", "{891A804C-9E3B-4447-9B22-4ABDE4714ABC}"
EndProject
Project("{9A19103F-16F7-4668-BE54-9A1E7A4F7556}") = "Sandbox", "sandbox\Sandbox\Sandbox.csproj", "{5935C1CD-B3CC-4D81-A08E-D488D2B21C37}"
EndProject
Global
	GlobalSection(SolutionConfigurationPlatforms) = preSolution
		Debug|Any CPU = Debug|Any CPU
		Release|Any CPU = Release|Any CPU
	EndGlobalSection
	GlobalSection(ProjectConfigurationPlatforms) = postSolution
		{615F45AC-8AB9-4B5A-BB2A-020C2D9218FE}.Debug|Any CPU.ActiveCfg = Debug|Any CPU
		{615F45AC-8AB9-4B5A-BB2A-020C2D9218FE}.Debug|Any CPU.Build.0 = Debug|Any CPU
		{615F45AC-8AB9-4B5A-BB2A-020C2D9218FE}.Release|Any CPU.ActiveCfg = Release|Any CPU
		{615F45AC-8AB9-4B5A-BB2A-020C2D9218FE}.Release|Any CPU.Build.0 = Release|Any CPU
		{F3C060FA-8C7A-4AA9-9864-C2F9A3556015}.Debug|Any CPU.ActiveCfg = Debug|Any CPU
		{F3C060FA-8C7A-4AA9-9864-C2F9A3556015}.Debug|Any CPU.Build.0 = Debug|Any CPU
		{F3C060FA-8C7A-4AA9-9864-C2F9A3556015}.Release|Any CPU.ActiveCfg = Release|Any CPU
		{F3C060FA-8C7A-4AA9-9864-C2F9A3556015}.Release|Any CPU.Build.0 = Release|Any CPU
		{F16DF278-37A5-46AC-8589-BE0550A56C37}.Debug|Any CPU.ActiveCfg = Debug|Any CPU
		{F16DF278-37A5-46AC-8589-BE0550A56C37}.Debug|Any CPU.Build.0 = Debug|Any CPU
		{F16DF278-37A5-46AC-8589-BE0550A56C37}.Release|Any CPU.ActiveCfg = Release|Any CPU
		{F16DF278-37A5-46AC-8589-BE0550A56C37}.Release|Any CPU.Build.0 = Release|Any CPU
		{AAF2C980-7F96-4E4F-BC9D-E19AAB5EA5B6}.Debug|Any CPU.ActiveCfg = Debug|Any CPU
		{AAF2C980-7F96-4E4F-BC9D-E19AAB5EA5B6}.Debug|Any CPU.Build.0 = Debug|Any CPU
		{AAF2C980-7F96-4E4F-BC9D-E19AAB5EA5B6}.Release|Any CPU.ActiveCfg = Release|Any CPU
		{AAF2C980-7F96-4E4F-BC9D-E19AAB5EA5B6}.Release|Any CPU.Build.0 = Release|Any CPU
		{D6B65313-E8FE-4F37-B3C3-55520DDF1CDB}.Debug|Any CPU.ActiveCfg = Debug|Any CPU
		{D6B65313-E8FE-4F37-B3C3-55520DDF1CDB}.Debug|Any CPU.Build.0 = Debug|Any CPU
		{D6B65313-E8FE-4F37-B3C3-55520DDF1CDB}.Release|Any CPU.ActiveCfg = Release|Any CPU
		{D6B65313-E8FE-4F37-B3C3-55520DDF1CDB}.Release|Any CPU.Build.0 = Release|Any CPU
		{F80839C0-68B7-44E5-965E-77C4548F681D}.Debug|Any CPU.ActiveCfg = Debug|Any CPU
		{F80839C0-68B7-44E5-965E-77C4548F681D}.Debug|Any CPU.Build.0 = Debug|Any CPU
		{F80839C0-68B7-44E5-965E-77C4548F681D}.Release|Any CPU.ActiveCfg = Release|Any CPU
		{F80839C0-68B7-44E5-965E-77C4548F681D}.Release|Any CPU.Build.0 = Release|Any CPU
		{8459FA1F-E062-4F6D-A249-1AFB225D0A65}.Debug|Any CPU.ActiveCfg = Debug|Any CPU
		{8459FA1F-E062-4F6D-A249-1AFB225D0A65}.Debug|Any CPU.Build.0 = Debug|Any CPU
		{8459FA1F-E062-4F6D-A249-1AFB225D0A65}.Release|Any CPU.ActiveCfg = Release|Any CPU
		{8459FA1F-E062-4F6D-A249-1AFB225D0A65}.Release|Any CPU.Build.0 = Release|Any CPU
		{9DF6BA8B-EA36-4230-97A2-9BA09D975848}.Debug|Any CPU.ActiveCfg = Debug|Any CPU
		{9DF6BA8B-EA36-4230-97A2-9BA09D975848}.Debug|Any CPU.Build.0 = Debug|Any CPU
		{9DF6BA8B-EA36-4230-97A2-9BA09D975848}.Release|Any CPU.ActiveCfg = Release|Any CPU
		{9DF6BA8B-EA36-4230-97A2-9BA09D975848}.Release|Any CPU.Build.0 = Release|Any CPU
		{62ECF4A0-56AB-49D8-8E20-B17FFFE84505}.Debug|Any CPU.ActiveCfg = Debug|Any CPU
		{62ECF4A0-56AB-49D8-8E20-B17FFFE84505}.Debug|Any CPU.Build.0 = Debug|Any CPU
		{62ECF4A0-56AB-49D8-8E20-B17FFFE84505}.Release|Any CPU.ActiveCfg = Release|Any CPU
		{62ECF4A0-56AB-49D8-8E20-B17FFFE84505}.Release|Any CPU.Build.0 = Release|Any CPU
		{BA24B6CF-B346-4420-86D6-075C08ACD2DA}.Debug|Any CPU.ActiveCfg = Debug|Any CPU
		{BA24B6CF-B346-4420-86D6-075C08ACD2DA}.Debug|Any CPU.Build.0 = Debug|Any CPU
		{BA24B6CF-B346-4420-86D6-075C08ACD2DA}.Release|Any CPU.ActiveCfg = Release|Any CPU
		{BA24B6CF-B346-4420-86D6-075C08ACD2DA}.Release|Any CPU.Build.0 = Release|Any CPU
		{99809076-4832-4743-BBE3-96C082B5A82E}.Debug|Any CPU.ActiveCfg = Debug|Any CPU
		{99809076-4832-4743-BBE3-96C082B5A82E}.Debug|Any CPU.Build.0 = Debug|Any CPU
		{99809076-4832-4743-BBE3-96C082B5A82E}.Release|Any CPU.ActiveCfg = Release|Any CPU
		{99809076-4832-4743-BBE3-96C082B5A82E}.Release|Any CPU.Build.0 = Release|Any CPU
		{1A23E0C8-3770-4086-B43A-F9FB8CD97E9C}.Debug|Any CPU.ActiveCfg = Debug|Any CPU
		{1A23E0C8-3770-4086-B43A-F9FB8CD97E9C}.Debug|Any CPU.Build.0 = Debug|Any CPU
		{1A23E0C8-3770-4086-B43A-F9FB8CD97E9C}.Release|Any CPU.ActiveCfg = Release|Any CPU
		{1A23E0C8-3770-4086-B43A-F9FB8CD97E9C}.Release|Any CPU.Build.0 = Release|Any CPU
		{A079DF71-2F97-4264-AA8F-1544CE389BBC}.Debug|Any CPU.ActiveCfg = Debug|Any CPU
		{A079DF71-2F97-4264-AA8F-1544CE389BBC}.Debug|Any CPU.Build.0 = Debug|Any CPU
		{A079DF71-2F97-4264-AA8F-1544CE389BBC}.Release|Any CPU.ActiveCfg = Release|Any CPU
		{A079DF71-2F97-4264-AA8F-1544CE389BBC}.Release|Any CPU.Build.0 = Release|Any CPU
		{298454EE-7648-4234-A414-1C457C34DC7E}.Debug|Any CPU.ActiveCfg = Debug|Any CPU
		{298454EE-7648-4234-A414-1C457C34DC7E}.Debug|Any CPU.Build.0 = Debug|Any CPU
		{298454EE-7648-4234-A414-1C457C34DC7E}.Release|Any CPU.ActiveCfg = Release|Any CPU
		{298454EE-7648-4234-A414-1C457C34DC7E}.Release|Any CPU.Build.0 = Release|Any CPU
		{CA471BA3-89D1-4354-A2DA-5B946157148A}.Debug|Any CPU.ActiveCfg = Debug|Any CPU
		{CA471BA3-89D1-4354-A2DA-5B946157148A}.Debug|Any CPU.Build.0 = Debug|Any CPU
		{CA471BA3-89D1-4354-A2DA-5B946157148A}.Release|Any CPU.ActiveCfg = Release|Any CPU
		{CA471BA3-89D1-4354-A2DA-5B946157148A}.Release|Any CPU.Build.0 = Release|Any CPU
		{AE7FEC84-9AFD-4E7D-854C-3053947895D5}.Debug|Any CPU.ActiveCfg = Debug|Any CPU
		{AE7FEC84-9AFD-4E7D-854C-3053947895D5}.Debug|Any CPU.Build.0 = Debug|Any CPU
		{AE7FEC84-9AFD-4E7D-854C-3053947895D5}.Release|Any CPU.ActiveCfg = Release|Any CPU
		{AE7FEC84-9AFD-4E7D-854C-3053947895D5}.Release|Any CPU.Build.0 = Release|Any CPU
		{0C64BC89-41B8-40B3-9D5F-AB7E6FEB00C2}.Debug|Any CPU.ActiveCfg = Debug|Any CPU
		{0C64BC89-41B8-40B3-9D5F-AB7E6FEB00C2}.Debug|Any CPU.Build.0 = Debug|Any CPU
		{0C64BC89-41B8-40B3-9D5F-AB7E6FEB00C2}.Release|Any CPU.ActiveCfg = Release|Any CPU
		{0C64BC89-41B8-40B3-9D5F-AB7E6FEB00C2}.Release|Any CPU.Build.0 = Release|Any CPU
		{ABBFBD8C-4979-41A9-A6CE-96C465CEC1F3}.Debug|Any CPU.ActiveCfg = Debug|Any CPU
		{ABBFBD8C-4979-41A9-A6CE-96C465CEC1F3}.Debug|Any CPU.Build.0 = Debug|Any CPU
		{ABBFBD8C-4979-41A9-A6CE-96C465CEC1F3}.Release|Any CPU.ActiveCfg = Release|Any CPU
		{ABBFBD8C-4979-41A9-A6CE-96C465CEC1F3}.Release|Any CPU.Build.0 = Release|Any CPU
		{5935C1CD-B3CC-4D81-A08E-D488D2B21C37}.Debug|Any CPU.ActiveCfg = Debug|Any CPU
		{5935C1CD-B3CC-4D81-A08E-D488D2B21C37}.Debug|Any CPU.Build.0 = Debug|Any CPU
		{5935C1CD-B3CC-4D81-A08E-D488D2B21C37}.Release|Any CPU.ActiveCfg = Release|Any CPU
		{5935C1CD-B3CC-4D81-A08E-D488D2B21C37}.Release|Any CPU.Build.0 = Release|Any CPU
	EndGlobalSection
	GlobalSection(SolutionProperties) = preSolution
		HideSolutionNode = FALSE
	EndGlobalSection
	GlobalSection(NestedProjects) = preSolution
		{615F45AC-8AB9-4B5A-BB2A-020C2D9218FE} = {AD716F9B-5A98-4842-8907-4BE8BFF343E4}
		{F3C060FA-8C7A-4AA9-9864-C2F9A3556015} = {AD716F9B-5A98-4842-8907-4BE8BFF343E4}
		{F16DF278-37A5-46AC-8589-BE0550A56C37} = {AD716F9B-5A98-4842-8907-4BE8BFF343E4}
		{AAF2C980-7F96-4E4F-BC9D-E19AAB5EA5B6} = {AD716F9B-5A98-4842-8907-4BE8BFF343E4}
		{D6B65313-E8FE-4F37-B3C3-55520DDF1CDB} = {AD716F9B-5A98-4842-8907-4BE8BFF343E4}
		{F80839C0-68B7-44E5-965E-77C4548F681D} = {E1485274-0CA2-4213-A10B-20119AB290EB}
		{8459FA1F-E062-4F6D-A249-1AFB225D0A65} = {E1485274-0CA2-4213-A10B-20119AB290EB}
		{9DF6BA8B-EA36-4230-97A2-9BA09D975848} = {E1485274-0CA2-4213-A10B-20119AB290EB}
		{62ECF4A0-56AB-49D8-8E20-B17FFFE84505} = {E1485274-0CA2-4213-A10B-20119AB290EB}
		{BA24B6CF-B346-4420-86D6-075C08ACD2DA} = {E1485274-0CA2-4213-A10B-20119AB290EB}
		{99809076-4832-4743-BBE3-96C082B5A82E} = {92E3472F-A3BC-4870-8191-F5E5668521F9}
		{1A23E0C8-3770-4086-B43A-F9FB8CD97E9C} = {92E3472F-A3BC-4870-8191-F5E5668521F9}
		{A079DF71-2F97-4264-AA8F-1544CE389BBC} = {92E3472F-A3BC-4870-8191-F5E5668521F9}
		{298454EE-7648-4234-A414-1C457C34DC7E} = {92E3472F-A3BC-4870-8191-F5E5668521F9}
		{CA471BA3-89D1-4354-A2DA-5B946157148A} = {685E6C86-C435-4CA0-B9E6-FF7DA4FE1679}
		{AE7FEC84-9AFD-4E7D-854C-3053947895D5} = {685E6C86-C435-4CA0-B9E6-FF7DA4FE1679}
		{0C64BC89-41B8-40B3-9D5F-AB7E6FEB00C2} = {685E6C86-C435-4CA0-B9E6-FF7DA4FE1679}
		{ABBFBD8C-4979-41A9-A6CE-96C465CEC1F3} = {685E6C86-C435-4CA0-B9E6-FF7DA4FE1679}
		{5935C1CD-B3CC-4D81-A08E-D488D2B21C37} = {891A804C-9E3B-4447-9B22-4ABDE4714ABC}
	EndGlobalSection
	GlobalSection(ExtensibilityGlobals) = postSolution
		SolutionGuid = {6FE42250-5666-49FE-8592-47B3A00460C0}
	EndGlobalSection
EndGlobal
